
Microsoft Visual Studio Solution File, Format Version 12.00
# Visual Studio Version 17
VisualStudioVersion = 17.0.31903.59
MinimumVisualStudioVersion = 10.0.40219.1
Project("{FAE04EC0-301F-11D3-BF4B-00C04F79EFBC}") = "API", "API\API.csproj", "{87335EB8-FB9F-487F-99A4-3AD09C6E810D}"
EndProject
Project("{FAE04EC0-301F-11D3-BF4B-00C04F79EFBC}") = "Application", "Application\Application.csproj", "{78A0DAB9-7B20-4B7C-B3A8-1176D8C7AD2C}"
EndProject
Project("{FAE04EC0-301F-11D3-BF4B-00C04F79EFBC}") = "Domain", "Domain\Domain.csproj", "{0318C91F-DB19-47CB-8A00-F33BD79AAB19}"
EndProject
Project("{FAE04EC0-301F-11D3-BF4B-00C04F79EFBC}") = "Persistence", "Persistence\Persistence.csproj", "{33F6FF35-9C37-42FA-8BE1-1312B211FDDC}"
EndProject
Global
	GlobalSection(SolutionConfigurationPlatforms) = preSolution
		Debug|Any CPU = Debug|Any CPU
		Release|Any CPU = Release|Any CPU
	EndGlobalSection
	GlobalSection(SolutionProperties) = preSolution
		HideSolutionNode = FALSE
	EndGlobalSection
	GlobalSection(ProjectConfigurationPlatforms) = postSolution
		{87335EB8-FB9F-487F-99A4-3AD09C6E810D}.Debug|Any CPU.ActiveCfg = Debug|Any CPU
		{87335EB8-FB9F-487F-99A4-3AD09C6E810D}.Debug|Any CPU.Build.0 = Debug|Any CPU
		{87335EB8-FB9F-487F-99A4-3AD09C6E810D}.Release|Any CPU.ActiveCfg = Release|Any CPU
		{87335EB8-FB9F-487F-99A4-3AD09C6E810D}.Release|Any CPU.Build.0 = Release|Any CPU
		{78A0DAB9-7B20-4B7C-B3A8-1176D8C7AD2C}.Debug|Any CPU.ActiveCfg = Debug|Any CPU
		{78A0DAB9-7B20-4B7C-B3A8-1176D8C7AD2C}.Debug|Any CPU.Build.0 = Debug|Any CPU
		{78A0DAB9-7B20-4B7C-B3A8-1176D8C7AD2C}.Release|Any CPU.ActiveCfg = Release|Any CPU
		{78A0DAB9-7B20-4B7C-B3A8-1176D8C7AD2C}.Release|Any CPU.Build.0 = Release|Any CPU
		{0318C91F-DB19-47CB-8A00-F33BD79AAB19}.Debug|Any CPU.ActiveCfg = Debug|Any CPU
		{0318C91F-DB19-47CB-8A00-F33BD79AAB19}.Debug|Any CPU.Build.0 = Debug|Any CPU
		{0318C91F-DB19-47CB-8A00-F33BD79AAB19}.Release|Any CPU.ActiveCfg = Release|Any CPU
		{0318C91F-DB19-47CB-8A00-F33BD79AAB19}.Release|Any CPU.Build.0 = Release|Any CPU
		{33F6FF35-9C37-42FA-8BE1-1312B211FDDC}.Debug|Any CPU.ActiveCfg = Debug|Any CPU
		{33F6FF35-9C37-42FA-8BE1-1312B211FDDC}.Debug|Any CPU.Build.0 = Debug|Any CPU
		{33F6FF35-9C37-42FA-8BE1-1312B211FDDC}.Release|Any CPU.ActiveCfg = Release|Any CPU
		{33F6FF35-9C37-42FA-8BE1-1312B211FDDC}.Release|Any CPU.Build.0 = Release|Any CPU
	EndGlobalSection
EndGlobal
